annotated-types==0.7.0
boto3==1.43.51
botocore==1.43.51
genblaze==0.4.1
genblaze-core==0.3.6
genblaze-s3==0.3.5
jmespath==1.1.0
pillow==12.3.0
pydantic==2.13.4
pydantic-core==2.46.4
python-dateutil==2.9.0.post0
s3transfer==0.19.1
six==1.17.0
typing-extensions==4.16.0
typing-inspection==0.4.2
urllib3==2.7.0
